{
  "name": "report_system",
  "lockfileVersion": 2,
  "requires": true,
  "packages": {
    "": {
      "dependencies": {
        "sql-formatter": "^8.2.0"
      }
    },
    "node_modules/argparse": {
      "version": "2.0.1",
      "resolved": "https://registry.npmjs.org/argparse/-/argparse-2.0.1.tgz",
      "integrity": "sha512-8+9WqebbFzpX9OR+Wa6O29asIogeRMzcGtAINdpMHHyAg10f05aSFVBbcEqGf/PXw1EjAZ+q2/bEBg3DvurK3Q=="
    },
    "node_modules/sql-formatter": {
      "version": "8.2.0",
      "resolved": "https://registry.npmjs.org/sql-formatter/-/sql-formatter-8.2.0.tgz",
      "integrity": "sha512-5hQOSOk8jfhPkNgUmpm+9Fn2aaLWcf4vKL/dIvUN5q9rsamKHSyN/gL79xpkETNOyL+Zv5BMQfA7z9Rmz/DJJg==",
      "dependencies": {
        "argparse": "^2.0.1"
      },
      "bin": {
        "sql-formatter": "bin/sql-formatter-cli.js"
      }
    }
  },
  "dependencies": {
    "argparse": {
      "version": "2.0.1",
      "resolved": "https://registry.npmjs.org/argparse/-/argparse-2.0.1.tgz",
      "integrity": "sha512-8+9WqebbFzpX9OR+Wa6O29asIogeRMzcGtAINdpMHHyAg10f05aSFVBbcEqGf/PXw1EjAZ+q2/bEBg3DvurK3Q=="
    },
    "sql-formatter": {
      "version": "8.2.0",
      "resolved": "https://registry.npmjs.org/sql-formatter/-/sql-formatter-8.2.0.tgz",
      "integrity": "sha512-5hQOSOk8jfhPkNgUmpm+9Fn2aaLWcf4vKL/dIvUN5q9rsamKHSyN/gL79xpkETNOyL+Zv5BMQfA7z9Rmz/DJJg==",
      "requires": {
        "argparse": "^2.0.1"
      }
    }
  }
}
